
Microsoft Visual Studio Solution File, Format Version 12.00
# Visual Studio Version 17
VisualStudioVersion = 17.14.36518.9 d17.14
MinimumVisualStudioVersion = 10.0.40219.1
Project("{FAE04EC0-301F-11D3-BF4B-00C04F79EFBC}") = "Assignment1", "Assignment1\Assignment1.csproj", "{5D0F313E-6C77-458B-A1A8-05519743324C}"
EndProject
Global
	GlobalSection(SolutionConfigurationPlatforms) = preSolution
		Debug|Any CPU = Debug|Any CPU
		Release|Any CPU = Release|Any CPU
	EndGlobalSection
	GlobalSection(ProjectConfigurationPlatforms) = postSolution
		{5D0F313E-6C77-458B-A1A8-05519743324C}.Debug|Any CPU.ActiveCfg = Debug|Any CPU
		{5D0F313E-6C77-458B-A1A8-05519743324C}.Debug|Any CPU.Build.0 = Debug|Any CPU
		{5D0F313E-6C77-458B-A1A8-05519743324C}.Release|Any CPU.ActiveCfg = Release|Any CPU
		{5D0F313E-6C77-458B-A1A8-05519743324C}.Release|Any CPU.Build.0 = Release|Any CPU
	EndGlobalSection
	GlobalSection(SolutionProperties) = preSolution
		HideSolutionNode = FALSE
	EndGlobalSection
	GlobalSection(ExtensibilityGlobals) = postSolution
		SolutionGuid = {83830B0C-8630-493F-A161-008740BC1DF0}
	EndGlobalSection
EndGlobal
